
Microsoft Visual Studio Solution File, Format Version 12.00
# Visual Studio 2015
Project("{FAE04EC0-301F-11D3-BF4B-00C04F79EFBC}") = "RetroWars.CSharp", "RetroWars.CSharp.csproj", "{9F5D8B64-AF2E-3995-3A7C-9A925C30C4BC}"
EndProject
Global
	GlobalSection(SolutionConfigurationPlatforms) = preSolution
		Debug|Any CPU = Debug|Any CPU
		Release|Any CPU = Release|Any CPU
	EndGlobalSection
	GlobalSection(ProjectConfigurationPlatforms) = postSolution
		{9F5D8B64-AF2E-3995-3A7C-9A925C30C4BC}.Debug|Any CPU.ActiveCfg = Debug|Any CPU
		{9F5D8B64-AF2E-3995-3A7C-9A925C30C4BC}.Debug|Any CPU.Build.0 = Debug|Any CPU
		{9F5D8B64-AF2E-3995-3A7C-9A925C30C4BC}.Release|Any CPU.ActiveCfg = Release|Any CPU
		{9F5D8B64-AF2E-3995-3A7C-9A925C30C4BC}.Release|Any CPU.Build.0 = Release|Any CPU
	EndGlobalSection
	GlobalSection(SolutionProperties) = preSolution
		HideSolutionNode = FALSE
	EndGlobalSection
EndGlobal
